
Microsoft Visual Studio Solution File, Format Version 12.00
# Visual Studio 15
VisualStudioVersion = 15.0.27130.2020
MinimumVisualStudioVersion = 10.0.40219.1
Project("{FAE04EC0-301F-11D3-BF4B-00C04F79EFBC}") = "Simple", "Simple\Simple\Simple.csproj", "{4D197A8A-1E79-463C-AEAA-C7B3DFCEC567}"
EndProject
Project("{FAE04EC0-301F-11D3-BF4B-00C04F79EFBC}") = "Simple.Android", "Simple\Simple.Android\Simple.Android.csproj", "{1705AC20-DB7C-4C12-B2FD-1A0981D1381F}"
EndProject
Project("{FAE04EC0-301F-11D3-BF4B-00C04F79EFBC}") = "Simple.iOS", "Simple\Simple.iOS\Simple.iOS.csproj", "{A40E6B77-BAAB-4DAC-BAC0-2F20C3E8C577}"
EndProject
Global
	GlobalSection(SolutionConfigurationPlatforms) = preSolution
		Ad-Hoc|Any CPU = Ad-Hoc|Any CPU
		Ad-Hoc|iPhone = Ad-Hoc|iPhone
		Ad-Hoc|iPhoneSimulator = Ad-Hoc|iPhoneSimulator
		AppStore|Any CPU = AppStore|Any CPU
		AppStore|iPhone = AppStore|iPhone
		AppStore|iPhoneSimulator = AppStore|iPhoneSimulator
		Debug|Any CPU = Debug|Any CPU
		Debug|iPhone = Debug|iPhone
		Debug|iPhoneSimulator = Debug|iPhoneSimulator
		Release|Any CPU = Release|Any CPU
		Release|iPhone = Release|iPhone
		Release|iPhoneSimulator = Release|iPhoneSimulator
	EndGlobalSection
	GlobalSection(ProjectConfigurationPlatforms) = postSolution
		{4D197A8A-1E79-463C-AEAA-C7B3DFCEC567}.Ad-Hoc|Any CPU.ActiveCfg = Debug|Any CPU
		{4D197A8A-1E79-463C-AEAA-C7B3DFCEC567}.Ad-Hoc|Any CPU.Build.0 = Debug|Any CPU
		{4D197A8A-1E79-463C-AEAA-C7B3DFCEC567}.Ad-Hoc|iPhone.ActiveCfg = Debug|Any CPU
		{4D197A8A-1E79-463C-AEAA-C7B3DFCEC567}.Ad-Hoc|iPhone.Build.0 = Debug|Any CPU
		{4D197A8A-1E79-463C-AEAA-C7B3DFCEC567}.Ad-Hoc|iPhoneSimulator.ActiveCfg = Debug|Any CPU
		{4D197A8A-1E79-463C-AEAA-C7B3DFCEC567}.Ad-Hoc|iPhoneSimulator.Build.0 = Debug|Any CPU
		{4D197A8A-1E79-463C-AEAA-C7B3DFCEC567}.AppStore|Any CPU.ActiveCfg = Debug|Any CPU
		{4D197A8A-1E79-463C-AEAA-C7B3DFCEC567}.AppStore|Any CPU.Build.0 = Debug|Any CPU
		{4D197A8A-1E79-463C-AEAA-C7B3DFCEC567}.AppStore|iPhone.ActiveCfg = Debug|Any CPU
		{4D197A8A-1E79-463C-AEAA-C7B3DFCEC567}.AppStore|iPhone.Build.0 = Debug|Any CPU
		{4D197A8A-1E79-463C-AEAA-C7B3DFCEC567}.AppStore|iPhoneSimulator.ActiveCfg = Debug|Any CPU
		{4D197A8A-1E79-463C-AEAA-C7B3DFCEC567}.AppStore|iPhoneSimulator.Build.0 = Debug|Any CPU
		{4D197A8A-1E79-463C-AEAA-C7B3DFCEC567}.Debug|Any CPU.ActiveCfg = Debug|Any CPU
		{4D197A8A-1E79-463C-AEAA-C7B3DFCEC567}.Debug|Any CPU.Build.0 = Debug|Any CPU
		{4D197A8A-1E79-463C-AEAA-C7B3DFCEC567}.Debug|iPhone.ActiveCfg = Debug|Any CPU
		{4D197A8A-1E79-463C-AEAA-C7B3DFCEC567}.Debug|iPhone.Build.0 = Debug|Any CPU
		{4D197A8A-1E79-463C-AEAA-C7B3DFCEC567}.Debug|iPhoneSimulator.ActiveCfg = Debug|Any CPU
		{4D197A8A-1E79-463C-AEAA-C7B3DFCEC567}.Debug|iPhoneSimulator.Build.0 = Debug|Any CPU
		{4D197A8A-1E79-463C-AEAA-C7B3DFCEC567}.Release|Any CPU.ActiveCfg = Release|Any CPU
		{4D197A8A-1E79-463C-AEAA-C7B3DFCEC567}.Release|Any CPU.Build.0 = Release|Any CPU
		{4D197A8A-1E79-463C-AEAA-C7B3DFCEC567}.Release|iPhone.ActiveCfg = Release|Any CPU
		{4D197A8A-1E79-463C-AEAA-C7B3DFCEC567}.Release|iPhone.Build.0 = Release|Any CPU
		{4D197A8A-1E79-463C-AEAA-C7B3DFCEC567}.Release|iPhoneSimulator.ActiveCfg = Release|Any CPU
		{4D197A8A-1E79-463C-AEAA-C7B3DFCEC567}.Release|iPhoneSimulator.Build.0 = Release|Any CPU
		{1705AC20-DB7C-4C12-B2FD-1A0981D1381F}.Ad-Hoc|Any CPU.ActiveCfg = Release|Any CPU
		{1705AC20-DB7C-4C12-B2FD-1A0981D1381F}.Ad-Hoc|Any CPU.Build.0 = Release|Any CPU
		{1705AC20-DB7C-4C12-B2FD-1A0981D1381F}.Ad-Hoc|Any CPU.Deploy.0 = Release|Any CPU
		{1705AC20-DB7C-4C12-B2FD-1A0981D1381F}.Ad-Hoc|iPhone.ActiveCfg = Release|Any CPU
		{1705AC20-DB7C-4C12-B2FD-1A0981D1381F}.Ad-Hoc|iPhone.Build.0 = Release|Any CPU
		{1705AC20-DB7C-4C12-B2FD-1A0981D1381F}.Ad-Hoc|iPhone.Deploy.0 = Release|Any CPU
		{1705AC20-DB7C-4C12-B2FD-1A0981D1381F}.Ad-Hoc|iPhoneSimulator.ActiveCfg = Release|Any CPU
		{1705AC20-DB7C-4C12-B2FD-1A0981D1381F}.Ad-Hoc|iPhoneSimulator.Build.0 = Release|Any CPU
		{1705AC20-DB7C-4C12-B2FD-1A0981D1381F}.Ad-Hoc|iPhoneSimulator.Deploy.0 = Release|Any CPU
		{1705AC20-DB7C-4C12-B2FD-1A0981D1381F}.AppStore|Any CPU.ActiveCfg = Release|Any CPU
		{1705AC20-DB7C-4C12-B2FD-1A0981D1381F}.AppStore|Any CPU.Build.0 = Release|Any CPU
		{1705AC20-DB7C-4C12-B2FD-1A0981D1381F}.AppStore|Any CPU.Deploy.0 = Release|Any CPU
		{1705AC20-DB7C-4C12-B2FD-1A0981D1381F}.AppStore|iPhone.ActiveCfg = Release|Any CPU
		{1705AC20-DB7C-4C12-B2FD-1A0981D1381F}.AppStore|iPhone.Build.0 = Release|Any CPU
		{1705AC20-DB7C-4C12-B2FD-1A0981D1381F}.AppStore|iPhone.Deploy.0 = Release|Any CPU
		{1705AC20-DB7C-4C12-B2FD-1A0981D1381F}.AppStore|iPhoneSimulator.ActiveCfg = Release|Any CPU
		{1705AC20-DB7C-4C12-B2FD-1A0981D1381F}.AppStore|iPhoneSimulator.Build.0 = Release|Any CPU
		{1705AC20-DB7C-4C12-B2FD-1A0981D1381F}.AppStore|iPhoneSimulator.Deploy.0 = Release|Any CPU
		{1705AC20-DB7C-4C12-B2FD-1A0981D1381F}.Debug|Any CPU.ActiveCfg = Debug|Any CPU
		{1705AC20-DB7C-4C12-B2FD-1A0981D1381F}.Debug|Any CPU.Build.0 = Debug|Any CPU
		{1705AC20-DB7C-4C12-B2FD-1A0981D1381F}.Debug|Any CPU.Deploy.0 = Debug|Any CPU
		{1705AC20-DB7C-4C12-B2FD-1A0981D1381F}.Debug|iPhone.ActiveCfg = Debug|Any CPU
		{1705AC20-DB7C-4C12-B2FD-1A0981D1381F}.Debug|iPhone.Build.0 = Debug|Any CPU
		{1705AC20-DB7C-4C12-B2FD-1A0981D1381F}.Debug|iPhone.Deploy.0 = Debug|Any CPU
		{1705AC20-DB7C-4C12-B2FD-1A0981D1381F}.Debug|iPhoneSimulator.ActiveCfg = Debug|Any CPU
		{1705AC20-DB7C-4C12-B2FD-1A0981D1381F}.Debug|iPhoneSimulator.Build.0 = Debug|Any CPU
		{1705AC20-DB7C-4C12-B2FD-1A0981D1381F}.Debug|iPhoneSimulator.Deploy.0 = Debug|Any CPU
		{1705AC20-DB7C-4C12-B2FD-1A0981D1381F}.Release|Any CPU.ActiveCfg = Release|Any CPU
		{1705AC20-DB7C-4C12-B2FD-1A0981D1381F}.Release|Any CPU.Build.0 = Release|Any CPU
		{1705AC20-DB7C-4C12-B2FD-1A0981D1381F}.Release|Any CPU.Deploy.0 = Release|Any CPU
		{1705AC20-DB7C-4C12-B2FD-1A0981D1381F}.Release|iPhone.ActiveCfg = Release|Any CPU
		{1705AC20-DB7C-4C12-B2FD-1A0981D1381F}.Release|iPhone.Build.0 = Release|Any CPU
		{1705AC20-DB7C-4C12-B2FD-1A0981D1381F}.Release|iPhone.Deploy.0 = Release|Any CPU
		{1705AC20-DB7C-4C12-B2FD-1A0981D1381F}.Release|iPhoneSimulator.ActiveCfg = Release|Any CPU
		{1705AC20-DB7C-4C12-B2FD-1A0981D1381F}.Release|iPhoneSimulator.Build.0 = Release|Any CPU
		{1705AC20-DB7C-4C12-B2FD-1A0981D1381F}.Release|iPhoneSimulator.Deploy.0 = Release|Any CPU
		{A40E6B77-BAAB-4DAC-BAC0-2F20C3E8C577}.Ad-Hoc|Any CPU.ActiveCfg = Ad-Hoc|iPhone
		{A40E6B77-BAAB-4DAC-BAC0-2F20C3E8C577}.Ad-Hoc|iPhone.ActiveCfg = Ad-Hoc|iPhone
		{A40E6B77-BAAB-4DAC-BAC0-2F20C3E8C577}.Ad-Hoc|iPhone.Build.0 = Ad-Hoc|iPhone
		{A40E6B77-BAAB-4DAC-BAC0-2F20C3E8C577}.Ad-Hoc|iPhoneSimulator.ActiveCfg = Ad-Hoc|iPhoneSimulator
		{A40E6B77-BAAB-4DAC-BAC0-2F20C3E8C577}.Ad-Hoc|iPhoneSimulator.Build.0 = Ad-Hoc|iPhoneSimulator
		{A40E6B77-BAAB-4DAC-BAC0-2F20C3E8C577}.AppStore|Any CPU.ActiveCfg = AppStore|iPhone
		{A40E6B77-BAAB-4DAC-BAC0-2F20C3E8C577}.AppStore|iPhone.ActiveCfg = AppStore|iPhone
		{A40E6B77-BAAB-4DAC-BAC0-2F20C3E8C577}.AppStore|iPhone.Build.0 = AppStore|iPhone
		{A40E6B77-BAAB-4DAC-BAC0-2F20C3E8C577}.AppStore|iPhoneSimulator.ActiveCfg = AppStore|iPhoneSimulator
		{A40E6B77-BAAB-4DAC-BAC0-2F20C3E8C577}.AppStore|iPhoneSimulator.Build.0 = AppStore|iPhoneSimulator
		{A40E6B77-BAAB-4DAC-BAC0-2F20C3E8C577}.Debug|Any CPU.ActiveCfg = Debug|iPhone
		{A40E6B77-BAAB-4DAC-BAC0-2F20C3E8C577}.Debug|iPhone.ActiveCfg = Debug|iPhone
		{A40E6B77-BAAB-4DAC-BAC0-2F20C3E8C577}.Debug|iPhone.Build.0 = Debug|iPhone
		{A40E6B77-BAAB-4DAC-BAC0-2F20C3E8C577}.Debug|iPhoneSimulator.ActiveCfg = Debug|iPhoneSimulator
		{A40E6B77-BAAB-4DAC-BAC0-2F20C3E8C577}.Debug|iPhoneSimulator.Build.0 = Debug|iPhoneSimulator
		{A40E6B77-BAAB-4DAC-BAC0-2F20C3E8C577}.Release|Any CPU.ActiveCfg = Release|iPhone
		{A40E6B77-BAAB-4DAC-BAC0-2F20C3E8C577}.Release|iPhone.ActiveCfg = Release|iPhone
		{A40E6B77-BAAB-4DAC-BAC0-2F20C3E8C577}.Release|iPhone.Build.0 = Release|iPhone
		{A40E6B77-BAAB-4DAC-BAC0-2F20C3E8C577}.Release|iPhoneSimulator.ActiveCfg = Release|iPhoneSimulator
		{A40E6B77-BAAB-4DAC-BAC0-2F20C3E8C577}.Release|iPhoneSimulator.Build.0 = Release|iPhoneSimulator
	EndGlobalSection
	GlobalSection(SolutionProperties) = preSolution
		HideSolutionNode = FALSE
	EndGlobalSection
	GlobalSection(ExtensibilityGlobals) = postSolution
		SolutionGuid = {A296BDB2-85C4-43E5-99FE-F199146EB1D4}
	EndGlobalSection
EndGlobal
